
Microsoft Visual Studio Solution File, Format Version 12.00
# Visual Studio 2015
Project("{FAE04EC0-301F-11D3-BF4B-00C04F79EFBC}") = "test_daydream.CSharp", "test_daydream.CSharp.csproj", "{A64E8B30-8939-7416-2F95-C679D8818D32}"
EndProject
Project("{FAE04EC0-301F-11D3-BF4B-00C04F79EFBC}") = "test_daydream.CSharp.Editor", "test_daydream.CSharp.Editor.csproj", "{C8D4C153-6501-EEFB-B34F-549630A67F5B}"
EndProject
Global
	GlobalSection(SolutionConfigurationPlatforms) = preSolution
		Debug|Any CPU = Debug|Any CPU
		Release|Any CPU = Release|Any CPU
	EndGlobalSection
	GlobalSection(ProjectConfigurationPlatforms) = postSolution
		{A64E8B30-8939-7416-2F95-C679D8818D32}.Debug|Any CPU.ActiveCfg = Debug|Any CPU
		{A64E8B30-8939-7416-2F95-C679D8818D32}.Debug|Any CPU.Build.0 = Debug|Any CPU
		{A64E8B30-8939-7416-2F95-C679D8818D32}.Release|Any CPU.ActiveCfg = Release|Any CPU
		{A64E8B30-8939-7416-2F95-C679D8818D32}.Release|Any CPU.Build.0 = Release|Any CPU
		{C8D4C153-6501-EEFB-B34F-549630A67F5B}.Debug|Any CPU.ActiveCfg = Debug|Any CPU
		{C8D4C153-6501-EEFB-B34F-549630A67F5B}.Debug|Any CPU.Build.0 = Debug|Any CPU
		{C8D4C153-6501-EEFB-B34F-549630A67F5B}.Release|Any CPU.ActiveCfg = Release|Any CPU
		{C8D4C153-6501-EEFB-B34F-549630A67F5B}.Release|Any CPU.Build.0 = Release|Any CPU
	EndGlobalSection
	GlobalSection(SolutionProperties) = preSolution
		HideSolutionNode = FALSE
	EndGlobalSection
EndGlobal
